
Microsoft Visual Studio Solution File, Format Version 12.00
# Visual Studio Version 16
VisualStudioVersion = 16.0.32228.343
MinimumVisualStudioVersion = 10.0.40219.1
Project("{FAE04EC0-301F-11D3-BF4B-00C04F79EFBC}") = "CatalogBuilder", "CatalogBuilder.csproj", "{95213A3B-7A8A-4CD9-A7FD-839A0C77D8AB}"
	ProjectSection(ProjectDependencies) = postProject
		{1B86189C-D714-4A83-B710-F669091C9C6C} = {1B86189C-D714-4A83-B710-F669091C9C6C}
	EndProjectSection
EndProject
Project("{FAE04EC0-301F-11D3-BF4B-00C04F79EFBC}") = "PackAndGo", "PackAndGo\PackAndGo.csproj", "{C73315AE-4A0F-4837-9A95-2F1D615EDF27}"
EndProject
Project("{FAE04EC0-301F-11D3-BF4B-00C04F79EFBC}") = "ForgeControllers", "ForgeControllers\ForgeControllers.csproj", "{97F2974D-AD64-400C-B0BC-D22AF4EAD00D}"
EndProject
Project("{FAE04EC0-301F-11D3-BF4B-00C04F79EFBC}") = "PluginUtilities", "..\AppBundles\PluginUtilities\PluginUtilities.csproj", "{1B86189C-D714-4A83-B710-F669091C9C6C}"
EndProject
Global
	GlobalSection(SolutionConfigurationPlatforms) = preSolution
		Debug|Any CPU = Debug|Any CPU
		Release|Any CPU = Release|Any CPU
	EndGlobalSection
	GlobalSection(ProjectConfigurationPlatforms) = postSolution
		{95213A3B-7A8A-4CD9-A7FD-839A0C77D8AB}.Debug|Any CPU.ActiveCfg = Debug|Any CPU
		{95213A3B-7A8A-4CD9-A7FD-839A0C77D8AB}.Debug|Any CPU.Build.0 = Debug|Any CPU
		{95213A3B-7A8A-4CD9-A7FD-839A0C77D8AB}.Release|Any CPU.ActiveCfg = Release|Any CPU
		{95213A3B-7A8A-4CD9-A7FD-839A0C77D8AB}.Release|Any CPU.Build.0 = Release|Any CPU
		{C73315AE-4A0F-4837-9A95-2F1D615EDF27}.Debug|Any CPU.ActiveCfg = Debug|Any CPU
		{C73315AE-4A0F-4837-9A95-2F1D615EDF27}.Debug|Any CPU.Build.0 = Debug|Any CPU
		{C73315AE-4A0F-4837-9A95-2F1D615EDF27}.Release|Any CPU.ActiveCfg = Release|Any CPU
		{C73315AE-4A0F-4837-9A95-2F1D615EDF27}.Release|Any CPU.Build.0 = Release|Any CPU
		{97F2974D-AD64-400C-B0BC-D22AF4EAD00D}.Debug|Any CPU.ActiveCfg = Debug|Any CPU
		{97F2974D-AD64-400C-B0BC-D22AF4EAD00D}.Debug|Any CPU.Build.0 = Debug|Any CPU
		{97F2974D-AD64-400C-B0BC-D22AF4EAD00D}.Release|Any CPU.ActiveCfg = Release|Any CPU
		{97F2974D-AD64-400C-B0BC-D22AF4EAD00D}.Release|Any CPU.Build.0 = Release|Any CPU
		{1B86189C-D714-4A83-B710-F669091C9C6C}.Debug|Any CPU.ActiveCfg = Debug|Any CPU
		{1B86189C-D714-4A83-B710-F669091C9C6C}.Debug|Any CPU.Build.0 = Debug|Any CPU
		{1B86189C-D714-4A83-B710-F669091C9C6C}.Release|Any CPU.ActiveCfg = Release|Any CPU
		{1B86189C-D714-4A83-B710-F669091C9C6C}.Release|Any CPU.Build.0 = Release|Any CPU
	EndGlobalSection
	GlobalSection(SolutionProperties) = preSolution
		HideSolutionNode = FALSE
	EndGlobalSection
	GlobalSection(ExtensibilityGlobals) = postSolution
		SolutionGuid = {0133CCB7-EF49-469F-B74C-E361B669AA03}
	EndGlobalSection
EndGlobal
